
Microsoft Visual Studio Solution File, Format Version 12.00
# Visual Studio Version 16
VisualStudioVersion = 16.0.30225.117
MinimumVisualStudioVersion = 10.0.40219.1
Project("{FAE04EC0-301F-11D3-BF4B-00C04F79EFBC}") = "8Ball", "8Ball\8Ball.csproj", "{6A105A99-0474-46CC-8F4B-B1C399E91FA0}"
EndProject
Global
	GlobalSection(SolutionConfigurationPlatforms) = preSolution
		Debug|Any CPU = Debug|Any CPU
		Release|Any CPU = Release|Any CPU
	EndGlobalSection
	GlobalSection(ProjectConfigurationPlatforms) = postSolution
		{6A105A99-0474-46CC-8F4B-B1C399E91FA0}.Debug|Any CPU.ActiveCfg = Debug|Any CPU
		{6A105A99-0474-46CC-8F4B-B1C399E91FA0}.Debug|Any CPU.Build.0 = Debug|Any CPU
		{6A105A99-0474-46CC-8F4B-B1C399E91FA0}.Release|Any CPU.ActiveCfg = Release|Any CPU
		{6A105A99-0474-46CC-8F4B-B1C399E91FA0}.Release|Any CPU.Build.0 = Release|Any CPU
	EndGlobalSection
	GlobalSection(SolutionProperties) = preSolution
		HideSolutionNode = FALSE
	EndGlobalSection
	GlobalSection(ExtensibilityGlobals) = postSolution
		SolutionGuid = {75F632EE-363E-43C8-88F3-6826EF87B7DF}
	EndGlobalSection
EndGlobal
